
Microsoft Visual Studio Solution File, Format Version 12.00
# Visual Studio Version 16
VisualStudioVersion = 16.0.30907.101
MinimumVisualStudioVersion = 10.0.40219.1
Project("{8BC9CEB8-8B4A-11D0-8D11-00A0C91BC942}") = "Main", "Main\Main.vcxproj", "{A2841609-B83E-48CE-A8AD-BD6FCB236082}"
EndProject
Project("{54435603-DBB4-11D2-8724-00A0C9A8B90C}") = "Installer", "Installer\Installer.vdproj", "{F888F657-3DF1-4815-A01B-AB2FDFAED10B}"
EndProject
Global
	GlobalSection(SolutionConfigurationPlatforms) = preSolution
		Debug|x64 = Debug|x64
		Debug|x86 = Debug|x86
		Release|x64 = Release|x64
		Release|x86 = Release|x86
	EndGlobalSection
	GlobalSection(ProjectConfigurationPlatforms) = postSolution
		{A2841609-B83E-48CE-A8AD-BD6FCB236082}.Debug|x64.ActiveCfg = Debug|x64
		{A2841609-B83E-48CE-A8AD-BD6FCB236082}.Debug|x64.Build.0 = Debug|x64
		{A2841609-B83E-48CE-A8AD-BD6FCB236082}.Debug|x86.ActiveCfg = Debug|Win32
		{A2841609-B83E-48CE-A8AD-BD6FCB236082}.Debug|x86.Build.0 = Debug|Win32
		{A2841609-B83E-48CE-A8AD-BD6FCB236082}.Release|x64.ActiveCfg = Release|x64
		{A2841609-B83E-48CE-A8AD-BD6FCB236082}.Release|x64.Build.0 = Release|x64
		{A2841609-B83E-48CE-A8AD-BD6FCB236082}.Release|x86.ActiveCfg = Release|Win32
		{A2841609-B83E-48CE-A8AD-BD6FCB236082}.Release|x86.Build.0 = Release|Win32
		{F888F657-3DF1-4815-A01B-AB2FDFAED10B}.Debug|x64.ActiveCfg = Debug
		{F888F657-3DF1-4815-A01B-AB2FDFAED10B}.Debug|x86.ActiveCfg = Debug
		{F888F657-3DF1-4815-A01B-AB2FDFAED10B}.Release|x64.ActiveCfg = Release
		{F888F657-3DF1-4815-A01B-AB2FDFAED10B}.Release|x86.ActiveCfg = Release
	EndGlobalSection
	GlobalSection(SolutionProperties) = preSolution
		HideSolutionNode = FALSE
	EndGlobalSection
	GlobalSection(ExtensibilityGlobals) = postSolution
		SolutionGuid = {2F0106B6-790F-4745-96CF-238898CCE0DC}
	EndGlobalSection
EndGlobal
