<?xml version="1.0" encoding="utf-8"?>
<Project ToolsVersion="4.0" xmlns="http://schemas.microsoft.com/developer/msbuild/2003">
  <ItemGroup>
    <ClCompile Include="Calculations.cpp">
      <Filter>Source Files</Filter>
    </ClCompile>
    <ClCompile Include="CommandLine.cpp">
      <Filter>Source Files</Filter>
    </ClCompile>
    <ClCompile Include="CourseData.cpp">
      <Filter>Source Files</Filter>
    </ClCompile>
    <ClCompile Include="Main.cpp">
      <Filter>Source Files</Filter>
    </ClCompile>
    <ClCompile Include="UIForm.cpp">
      <Filter>Source Files</Filter>
    </ClCompile>
    <ClCompile Include="UISelectCourses.cpp">
      <Filter>Source Files</Filter>
    </ClCompile>
    <ClCompile Include="VisualizationForm.cpp">
      <Filter>Source Files</Filter>
    </ClCompile>
    <ClCompile Include="Util.cpp">
      <Filter>Source Files</Filter>
    </ClCompile>
  </ItemGroup>
  <ItemGroup>
    <ClInclude Include="UIForm.h" />
    <ClInclude Include="UISelectCourses.h" />
    <ClInclude Include="VisualizationForm.h" />
    <ClInclude Include="Calculations.h">
      <Filter>Header Files</Filter>
    </ClInclude>
    <ClInclude Include="CommandLine.h">
      <Filter>Header Files</Filter>
    </ClInclude>
    <ClInclude Include="CourseData.h">
      <Filter>Header Files</Filter>
    </ClInclude>
    <ClInclude Include="Util.h">
      <Filter>Header Files</Filter>
    </ClInclude>
  </ItemGroup>
  <ItemGroup>
    <Filter Include="Header Files">
      <UniqueIdentifier>{e97c0365-d7f2-4daf-8422-2db7415b459d}</UniqueIdentifier>
    </Filter>
    <Filter Include="Source Files">
      <UniqueIdentifier>{4fbeb12a-09d9-46a1-9ecd-7ee15e4ec460}</UniqueIdentifier>
    </Filter>
    <Filter Include="Resource Files">
      <UniqueIdentifier>{0b9a790a-9e53-4856-983b-57adb63671d6}</UniqueIdentifier>
    </Filter>
  </ItemGroup>
  <ItemGroup>
    <None Include="2022-Spring-CSCI285N-63925-A-Betsy Gamrat.csv">
      <Filter>Resource Files</Filter>
    </None>
  </ItemGroup>
</Project>